
Microsoft Visual Studio Solution File, Format Version 12.00
# Visual Studio 2012
Project("{8BC9CEB8-8B4A-11D0-8D11-00A0C91BC942}") = "SDL_basics", "SDL_basics.vcxproj", "{4DC2F35E-2918-4F7D-AC4C-2FB1B5FF3051}"
EndProject
Project("{2150E333-8FDC-42A3-9474-1A3956D46DE8}") = "Solution Items", "Solution Items", "{CB558B6F-EA69-4DA4-A76C-1A07B18E7DCC}"
	ProjectSection(SolutionItems) = preProject
		Performance1.psess = Performance1.psess
	EndProjectSection
EndProject
Global
	GlobalSection(SolutionConfigurationPlatforms) = preSolution
		Debug|Win32 = Debug|Win32
		Release|Win32 = Release|Win32
	EndGlobalSection
	GlobalSection(ProjectConfigurationPlatforms) = postSolution
		{4DC2F35E-2918-4F7D-AC4C-2FB1B5FF3051}.Debug|Win32.ActiveCfg = Debug|Win32
		{4DC2F35E-2918-4F7D-AC4C-2FB1B5FF3051}.Release|Win32.ActiveCfg = Release|Win32
		{4DC2F35E-2918-4F7D-AC4C-2FB1B5FF3051}.Release|Win32.Build.0 = Release|Win32
	EndGlobalSection
	GlobalSection(SolutionProperties) = preSolution
		HideSolutionNode = FALSE
	EndGlobalSection
EndGlobal
