<?xml version="1.0" encoding="utf-8"?>
<Project ToolsVersion="4.0" xmlns="http://schemas.microsoft.com/developer/msbuild/2003">
  <ItemGroup>
    <ClCompile Include="FieldBackEarth.cpp">
      <Filter>BackFields</Filter>
    </ClCompile>
    <ClCompile Include="FieldBackGrass.cpp">
      <Filter>BackFields</Filter>
    </ClCompile>
    <ClCompile Include="Field.cpp">
      <Filter>Framework</Filter>
    </ClCompile>
    <ClCompile Include="FieldBack.cpp">
      <Filter>Framework</Filter>
    </ClCompile>
    <ClCompile Include="FieldFront.cpp">
      <Filter>Framework</Filter>
    </ClCompile>
    <ClCompile Include="Player.cpp">
      <Filter>Framework</Filter>
    </ClCompile>
    <ClCompile Include="World.cpp">
      <Filter>Framework</Filter>
    </ClCompile>
    <ClCompile Include="Rect.cpp">
      <Filter>Framework</Filter>
    </ClCompile>
    <ClCompile Include="Vector2.cpp">
      <Filter>Framework</Filter>
    </ClCompile>
    <ClCompile Include="FieldBackIron.cpp">
      <Filter>BackFields</Filter>
    </ClCompile>
    <ClCompile Include="FieldBackCoal.cpp">
      <Filter>BackFields</Filter>
    </ClCompile>
    <ClCompile Include="FieldBackCopper.cpp">
      <Filter>BackFields</Filter>
    </ClCompile>
    <ClCompile Include="FieldBackSilver.cpp">
      <Filter>BackFields</Filter>
    </ClCompile>
    <ClCompile Include="FieldBackStone.cpp">
      <Filter>BackFields</Filter>
    </ClCompile>
    <ClCompile Include="Paralax.cpp">
      <Filter>Framework</Filter>
    </ClCompile>
    <ClCompile Include="InventoryEarth.cpp">
      <Filter>InvenotryObjects</Filter>
    </ClCompile>
    <ClCompile Include="InventoryObject.cpp">
      <Filter>Framework</Filter>
    </ClCompile>
    <ClCompile Include="Inventory.cpp">
      <Filter>Framework</Filter>
    </ClCompile>
    <ClCompile Include="Fists.cpp">
      <Filter>InvenotryObjects</Filter>
    </ClCompile>
    <ClCompile Include="Light.cpp">
      <Filter>Framework</Filter>
    </ClCompile>
    <ClCompile Include="LightHelper.cpp">
      <Filter>Framework</Filter>
    </ClCompile>
    <ClCompile Include="SunLight.cpp">
      <Filter>Framework</Filter>
    </ClCompile>
    <ClCompile Include="SunLightHelper.cpp">
      <Filter>Framework</Filter>
    </ClCompile>
    <ClCompile Include="main.cpp">
      <Filter>Framework</Filter>
    </ClCompile>
    <ClCompile Include="PerlinNoise.cpp">
      <Filter>Framework</Filter>
    </ClCompile>
    <ClCompile Include="Actionbar.cpp">
      <Filter>Framework</Filter>
    </ClCompile>
    <ClCompile Include="InventoryIron.cpp" />
    <ClCompile Include="InventoryCoal.cpp" />
    <ClCompile Include="InventoryCopper.cpp" />
    <ClCompile Include="InventorySilver.cpp" />
    <ClCompile Include="InventoryStone.cpp" />
    <ClCompile Include="InventorySteelAxe.cpp" />
    <ClCompile Include="InventorySteelPick.cpp" />
    <ClCompile Include="InventorySteelSlice.cpp" />
  </ItemGroup>
  <ItemGroup>
    <ClInclude Include="FieldBackEarth.h">
      <Filter>BackFields</Filter>
    </ClInclude>
    <ClInclude Include="FieldBackGrass.h">
      <Filter>BackFields</Filter>
    </ClInclude>
    <ClInclude Include="Field.h">
      <Filter>Framework</Filter>
    </ClInclude>
    <ClInclude Include="FieldBack.h">
      <Filter>Framework</Filter>
    </ClInclude>
    <ClInclude Include="FieldFront.h">
      <Filter>Framework</Filter>
    </ClInclude>
    <ClInclude Include="main.h">
      <Filter>Framework</Filter>
    </ClInclude>
    <ClInclude Include="Player.h">
      <Filter>Framework</Filter>
    </ClInclude>
    <ClInclude Include="World.h">
      <Filter>Framework</Filter>
    </ClInclude>
    <ClInclude Include="Rect.h">
      <Filter>Framework</Filter>
    </ClInclude>
    <ClInclude Include="Vector2.h">
      <Filter>Framework</Filter>
    </ClInclude>
    <ClInclude Include="FieldBackIron.h">
      <Filter>BackFields</Filter>
    </ClInclude>
    <ClInclude Include="FieldBackCoal.h">
      <Filter>BackFields</Filter>
    </ClInclude>
    <ClInclude Include="FieldBackCopper.h">
      <Filter>BackFields</Filter>
    </ClInclude>
    <ClInclude Include="FieldBackSilver.h">
      <Filter>BackFields</Filter>
    </ClInclude>
    <ClInclude Include="FieldBackStone.h">
      <Filter>BackFields</Filter>
    </ClInclude>
    <ClInclude Include="Paralax.h">
      <Filter>Framework</Filter>
    </ClInclude>
    <ClInclude Include="InventoryEarth.h">
      <Filter>InvenotryObjects</Filter>
    </ClInclude>
    <ClInclude Include="InventoryObject.h">
      <Filter>Framework</Filter>
    </ClInclude>
    <ClInclude Include="Inventory.h">
      <Filter>Framework</Filter>
    </ClInclude>
    <ClInclude Include="Fists.h">
      <Filter>InvenotryObjects</Filter>
    </ClInclude>
    <ClInclude Include="ToolTypes.h">
      <Filter>Framework</Filter>
    </ClInclude>
    <ClInclude Include="Light.h">
      <Filter>Framework</Filter>
    </ClInclude>
    <ClInclude Include="LightHelper.h">
      <Filter>Framework</Filter>
    </ClInclude>
    <ClInclude Include="SunLight.h">
      <Filter>Framework</Filter>
    </ClInclude>
    <ClInclude Include="SunLightHelper.h">
      <Filter>Framework</Filter>
    </ClInclude>
    <ClInclude Include="PerlinNoise.h">
      <Filter>Framework</Filter>
    </ClInclude>
    <ClInclude Include="Actionbar.h">
      <Filter>Framework</Filter>
    </ClInclude>
    <ClInclude Include="InventoryIron.h" />
    <ClInclude Include="InventoryCoal.h" />
    <ClInclude Include="InventoryCopper.h" />
    <ClInclude Include="InventorySilver.h" />
    <ClInclude Include="InventoryStone.h" />
    <ClInclude Include="InventorySteelAxe.h" />
    <ClInclude Include="InventorySteelPick.h" />
    <ClInclude Include="InventorySteelSlice.h" />
  </ItemGroup>
  <ItemGroup>
    <None Include="ClassDiagram.cd" />
  </ItemGroup>
  <ItemGroup>
    <Filter Include="BackFields">
      <UniqueIdentifier>{acdf763d-5bf5-482c-ac4b-8a565a2ddbd5}</UniqueIdentifier>
    </Filter>
    <Filter Include="Framework">
      <UniqueIdentifier>{b8fa7a82-96d8-4b63-bedf-204393c1c4b1}</UniqueIdentifier>
    </Filter>
    <Filter Include="InvenotryObjects">
      <UniqueIdentifier>{faef8041-5bb6-40cd-a397-2bc89e099cae}</UniqueIdentifier>
    </Filter>
  </ItemGroup>
</Project>